
Microsoft Visual Studio Solution File, Format Version 12.00
# Visual Studio Version 16
VisualStudioVersion = 16.0.29230.47
MinimumVisualStudioVersion = 10.0.40219.1
Project("{8BC9CEB8-8B4A-11D0-8D11-00A0C91BC942}") = "LongGas", "VegaConnect.vcxproj", "{C4996D25-3E96-46D5-BA70-66D04801659B}"
	ProjectSection(ProjectDependencies) = postProject
		{7EC75F82-64B5-45F4-AE8D-0B2D25858CAC} = {7EC75F82-64B5-45F4-AE8D-0B2D25858CAC}
		{879C449C-8F0E-E201-AA38-A0B3D5D98CFC} = {879C449C-8F0E-E201-AA38-A0B3D5D98CFC}
		{165108A4-F60F-4BF6-BF18-47126D802C10} = {165108A4-F60F-4BF6-BF18-47126D802C10}
		{0413E7AB-AEE6-A5E4-7A68-11FB737C7DEC} = {0413E7AB-AEE6-A5E4-7A68-11FB737C7DEC}
		{18A31EAF-EC62-497F-95E7-CDE2699B79F3} = {18A31EAF-EC62-497F-95E7-CDE2699B79F3}
		{3B0DE1C4-DE21-8FE3-F575-ABADBB0CB615} = {3B0DE1C4-DE21-8FE3-F575-ABADBB0CB615}
		{C96700D9-0622-0279-FBF9-61F997880B79} = {C96700D9-0622-0279-FBF9-61F997880B79}
	EndProjectSection
EndProject
Project("{54435603-DBB4-11D2-8724-00A0C9A8B90C}") = "LongGasSetup", "Setup\Setup.vdproj", "{2954BE17-B716-448B-803D-8B9F2ED73D4A}"
EndProject
Project("{8BC9CEB8-8B4A-11D0-8D11-00A0C91BC942}") = "ALXGrid", "..\..\GenDBGit\CommonLibs\ALXGrid\ALXGrid.vcxproj", "{879C449C-8F0E-E201-AA38-A0B3D5D98CFC}"
EndProject
Project("{8BC9CEB8-8B4A-11D0-8D11-00A0C91BC942}") = "CxImage", "..\..\GenDBGit\CommonLibs\CxImage\CxImage.vcxproj", "{0413E7AB-AEE6-A5E4-7A68-11FB737C7DEC}"
EndProject
Project("{8BC9CEB8-8B4A-11D0-8D11-00A0C91BC942}") = "GraphLib", "..\..\GenDBGit\CommonLibs\GraphLib\GraphLib.vcxproj", "{C96700D9-0622-0279-FBF9-61F997880B79}"
EndProject
Project("{8BC9CEB8-8B4A-11D0-8D11-00A0C91BC942}") = "MyInstruments", "..\..\GenDBGit\CommonLibs\MyInstruments\MyInstruments2017.vcxproj", "{165108A4-F60F-4BF6-BF18-47126D802C10}"
EndProject
Project("{8BC9CEB8-8B4A-11D0-8D11-00A0C91BC942}") = "Protocols", "..\..\GenDBGit\CommonLibs\Protocols\Protocols2017.vcxproj", "{18A31EAF-EC62-497F-95E7-CDE2699B79F3}"
EndProject
Project("{8BC9CEB8-8B4A-11D0-8D11-00A0C91BC942}") = "MiscStuff", "..\..\GenDBGit\CommonLibs\MiscStuff\MiscStuff2017.vcxproj", "{7EC75F82-64B5-45F4-AE8D-0B2D25858CAC}"
EndProject
Project("{8BC9CEB8-8B4A-11D0-8D11-00A0C91BC942}") = "MyCtrlsLib", "..\..\GenDBGit\CommonLibs\MyCtrlsLib\MyCtrlsLib.vcxproj", "{3B0DE1C4-DE21-8FE3-F575-ABADBB0CB615}"
EndProject
Global
	GlobalSection(SolutionConfigurationPlatforms) = preSolution
		Debug|x64 = Debug|x64
		Debug|x86 = Debug|x86
		Release|x64 = Release|x64
		Release|x86 = Release|x86
		Unicode Debug|x64 = Unicode Debug|x64
		Unicode Debug|x86 = Unicode Debug|x86
		Unicode Release|x64 = Unicode Release|x64
		Unicode Release|x86 = Unicode Release|x86
	EndGlobalSection
	GlobalSection(ProjectConfigurationPlatforms) = postSolution
		{C4996D25-3E96-46D5-BA70-66D04801659B}.Debug|x64.ActiveCfg = Debug|x64
		{C4996D25-3E96-46D5-BA70-66D04801659B}.Debug|x64.Build.0 = Debug|x64
		{C4996D25-3E96-46D5-BA70-66D04801659B}.Debug|x86.ActiveCfg = Debug|Win32
		{C4996D25-3E96-46D5-BA70-66D04801659B}.Debug|x86.Build.0 = Debug|Win32
		{C4996D25-3E96-46D5-BA70-66D04801659B}.Release|x64.ActiveCfg = Release|x64
		{C4996D25-3E96-46D5-BA70-66D04801659B}.Release|x64.Build.0 = Release|x64
		{C4996D25-3E96-46D5-BA70-66D04801659B}.Release|x86.ActiveCfg = Release|Win32
		{C4996D25-3E96-46D5-BA70-66D04801659B}.Release|x86.Build.0 = Release|Win32
		{C4996D25-3E96-46D5-BA70-66D04801659B}.Unicode Debug|x64.ActiveCfg = Debug|x64
		{C4996D25-3E96-46D5-BA70-66D04801659B}.Unicode Debug|x64.Build.0 = Debug|x64
		{C4996D25-3E96-46D5-BA70-66D04801659B}.Unicode Debug|x86.ActiveCfg = Debug|Win32
		{C4996D25-3E96-46D5-BA70-66D04801659B}.Unicode Debug|x86.Build.0 = Debug|Win32
		{C4996D25-3E96-46D5-BA70-66D04801659B}.Unicode Release|x64.ActiveCfg = Release|x64
		{C4996D25-3E96-46D5-BA70-66D04801659B}.Unicode Release|x64.Build.0 = Release|x64
		{C4996D25-3E96-46D5-BA70-66D04801659B}.Unicode Release|x86.ActiveCfg = Release|Win32
		{C4996D25-3E96-46D5-BA70-66D04801659B}.Unicode Release|x86.Build.0 = Release|Win32
		{2954BE17-B716-448B-803D-8B9F2ED73D4A}.Debug|x64.ActiveCfg = Debug
		{2954BE17-B716-448B-803D-8B9F2ED73D4A}.Debug|x86.ActiveCfg = Debug
		{2954BE17-B716-448B-803D-8B9F2ED73D4A}.Release|x64.ActiveCfg = Release
		{2954BE17-B716-448B-803D-8B9F2ED73D4A}.Release|x86.ActiveCfg = Release
		{2954BE17-B716-448B-803D-8B9F2ED73D4A}.Unicode Debug|x64.ActiveCfg = Debug
		{2954BE17-B716-448B-803D-8B9F2ED73D4A}.Unicode Debug|x86.ActiveCfg = Debug
		{2954BE17-B716-448B-803D-8B9F2ED73D4A}.Unicode Release|x64.ActiveCfg = Release
		{2954BE17-B716-448B-803D-8B9F2ED73D4A}.Unicode Release|x86.ActiveCfg = Release
		{879C449C-8F0E-E201-AA38-A0B3D5D98CFC}.Debug|x64.ActiveCfg = Debug|Win32
		{879C449C-8F0E-E201-AA38-A0B3D5D98CFC}.Debug|x86.ActiveCfg = Debug|Win32
		{879C449C-8F0E-E201-AA38-A0B3D5D98CFC}.Debug|x86.Build.0 = Debug|Win32
		{879C449C-8F0E-E201-AA38-A0B3D5D98CFC}.Release|x64.ActiveCfg = Release|Win32
		{879C449C-8F0E-E201-AA38-A0B3D5D98CFC}.Release|x86.ActiveCfg = Release|Win32
		{879C449C-8F0E-E201-AA38-A0B3D5D98CFC}.Release|x86.Build.0 = Release|Win32
		{879C449C-8F0E-E201-AA38-A0B3D5D98CFC}.Unicode Debug|x64.ActiveCfg = Debug|Win32
		{879C449C-8F0E-E201-AA38-A0B3D5D98CFC}.Unicode Debug|x64.Build.0 = Debug|Win32
		{879C449C-8F0E-E201-AA38-A0B3D5D98CFC}.Unicode Debug|x86.ActiveCfg = Debug|Win32
		{879C449C-8F0E-E201-AA38-A0B3D5D98CFC}.Unicode Debug|x86.Build.0 = Debug|Win32
		{879C449C-8F0E-E201-AA38-A0B3D5D98CFC}.Unicode Release|x64.ActiveCfg = Debug|Win32
		{879C449C-8F0E-E201-AA38-A0B3D5D98CFC}.Unicode Release|x64.Build.0 = Debug|Win32
		{879C449C-8F0E-E201-AA38-A0B3D5D98CFC}.Unicode Release|x86.ActiveCfg = Release|Win32
		{879C449C-8F0E-E201-AA38-A0B3D5D98CFC}.Unicode Release|x86.Build.0 = Release|Win32
		{0413E7AB-AEE6-A5E4-7A68-11FB737C7DEC}.Debug|x64.ActiveCfg = Debug|Win32
		{0413E7AB-AEE6-A5E4-7A68-11FB737C7DEC}.Debug|x86.ActiveCfg = Debug|Win32
		{0413E7AB-AEE6-A5E4-7A68-11FB737C7DEC}.Debug|x86.Build.0 = Debug|Win32
		{0413E7AB-AEE6-A5E4-7A68-11FB737C7DEC}.Release|x64.ActiveCfg = Release|Win32
		{0413E7AB-AEE6-A5E4-7A68-11FB737C7DEC}.Release|x86.ActiveCfg = Release|Win32
		{0413E7AB-AEE6-A5E4-7A68-11FB737C7DEC}.Release|x86.Build.0 = Release|Win32
		{0413E7AB-AEE6-A5E4-7A68-11FB737C7DEC}.Unicode Debug|x64.ActiveCfg = Unicode Debug|Win32
		{0413E7AB-AEE6-A5E4-7A68-11FB737C7DEC}.Unicode Debug|x86.ActiveCfg = Unicode Debug|Win32
		{0413E7AB-AEE6-A5E4-7A68-11FB737C7DEC}.Unicode Debug|x86.Build.0 = Unicode Debug|Win32
		{0413E7AB-AEE6-A5E4-7A68-11FB737C7DEC}.Unicode Release|x64.ActiveCfg = Unicode Release|Win32
		{0413E7AB-AEE6-A5E4-7A68-11FB737C7DEC}.Unicode Release|x86.ActiveCfg = Unicode Release|Win32
		{0413E7AB-AEE6-A5E4-7A68-11FB737C7DEC}.Unicode Release|x86.Build.0 = Unicode Release|Win32
		{C96700D9-0622-0279-FBF9-61F997880B79}.Debug|x64.ActiveCfg = Debug|Win32
		{C96700D9-0622-0279-FBF9-61F997880B79}.Debug|x86.ActiveCfg = Debug|Win32
		{C96700D9-0622-0279-FBF9-61F997880B79}.Debug|x86.Build.0 = Debug|Win32
		{C96700D9-0622-0279-FBF9-61F997880B79}.Release|x64.ActiveCfg = Release|Win32
		{C96700D9-0622-0279-FBF9-61F997880B79}.Release|x86.ActiveCfg = Release|Win32
		{C96700D9-0622-0279-FBF9-61F997880B79}.Release|x86.Build.0 = Release|Win32
		{C96700D9-0622-0279-FBF9-61F997880B79}.Unicode Debug|x64.ActiveCfg = Debug|Win32
		{C96700D9-0622-0279-FBF9-61F997880B79}.Unicode Debug|x64.Build.0 = Debug|Win32
		{C96700D9-0622-0279-FBF9-61F997880B79}.Unicode Debug|x86.ActiveCfg = Debug|Win32
		{C96700D9-0622-0279-FBF9-61F997880B79}.Unicode Debug|x86.Build.0 = Debug|Win32
		{C96700D9-0622-0279-FBF9-61F997880B79}.Unicode Release|x64.ActiveCfg = Debug|Win32
		{C96700D9-0622-0279-FBF9-61F997880B79}.Unicode Release|x64.Build.0 = Debug|Win32
		{C96700D9-0622-0279-FBF9-61F997880B79}.Unicode Release|x86.ActiveCfg = Release|Win32
		{C96700D9-0622-0279-FBF9-61F997880B79}.Unicode Release|x86.Build.0 = Release|Win32
		{165108A4-F60F-4BF6-BF18-47126D802C10}.Debug|x64.ActiveCfg = Debug|Win32
		{165108A4-F60F-4BF6-BF18-47126D802C10}.Debug|x86.ActiveCfg = Debug|Win32
		{165108A4-F60F-4BF6-BF18-47126D802C10}.Debug|x86.Build.0 = Debug|Win32
		{165108A4-F60F-4BF6-BF18-47126D802C10}.Release|x64.ActiveCfg = Release|Win32
		{165108A4-F60F-4BF6-BF18-47126D802C10}.Release|x86.ActiveCfg = Release|Win32
		{165108A4-F60F-4BF6-BF18-47126D802C10}.Release|x86.Build.0 = Release|Win32
		{165108A4-F60F-4BF6-BF18-47126D802C10}.Unicode Debug|x64.ActiveCfg = Debug|Win32
		{165108A4-F60F-4BF6-BF18-47126D802C10}.Unicode Debug|x64.Build.0 = Debug|Win32
		{165108A4-F60F-4BF6-BF18-47126D802C10}.Unicode Debug|x86.ActiveCfg = Debug|Win32
		{165108A4-F60F-4BF6-BF18-47126D802C10}.Unicode Debug|x86.Build.0 = Debug|Win32
		{165108A4-F60F-4BF6-BF18-47126D802C10}.Unicode Release|x64.ActiveCfg = Debug|Win32
		{165108A4-F60F-4BF6-BF18-47126D802C10}.Unicode Release|x64.Build.0 = Debug|Win32
		{165108A4-F60F-4BF6-BF18-47126D802C10}.Unicode Release|x86.ActiveCfg = Release|Win32
		{165108A4-F60F-4BF6-BF18-47126D802C10}.Unicode Release|x86.Build.0 = Release|Win32
		{18A31EAF-EC62-497F-95E7-CDE2699B79F3}.Debug|x64.ActiveCfg = Debug|Win32
		{18A31EAF-EC62-497F-95E7-CDE2699B79F3}.Debug|x86.ActiveCfg = Debug|Win32
		{18A31EAF-EC62-497F-95E7-CDE2699B79F3}.Debug|x86.Build.0 = Debug|Win32
		{18A31EAF-EC62-497F-95E7-CDE2699B79F3}.Release|x64.ActiveCfg = Release|Win32
		{18A31EAF-EC62-497F-95E7-CDE2699B79F3}.Release|x86.ActiveCfg = Release|Win32
		{18A31EAF-EC62-497F-95E7-CDE2699B79F3}.Release|x86.Build.0 = Release|Win32
		{18A31EAF-EC62-497F-95E7-CDE2699B79F3}.Unicode Debug|x64.ActiveCfg = Debug|Win32
		{18A31EAF-EC62-497F-95E7-CDE2699B79F3}.Unicode Debug|x64.Build.0 = Debug|Win32
		{18A31EAF-EC62-497F-95E7-CDE2699B79F3}.Unicode Debug|x86.ActiveCfg = Debug|Win32
		{18A31EAF-EC62-497F-95E7-CDE2699B79F3}.Unicode Debug|x86.Build.0 = Debug|Win32
		{18A31EAF-EC62-497F-95E7-CDE2699B79F3}.Unicode Release|x64.ActiveCfg = Debug|Win32
		{18A31EAF-EC62-497F-95E7-CDE2699B79F3}.Unicode Release|x64.Build.0 = Debug|Win32
		{18A31EAF-EC62-497F-95E7-CDE2699B79F3}.Unicode Release|x86.ActiveCfg = Release|Win32
		{18A31EAF-EC62-497F-95E7-CDE2699B79F3}.Unicode Release|x86.Build.0 = Release|Win32
		{7EC75F82-64B5-45F4-AE8D-0B2D25858CAC}.Debug|x64.ActiveCfg = Debug|Win32
		{7EC75F82-64B5-45F4-AE8D-0B2D25858CAC}.Debug|x86.ActiveCfg = Debug|Win32
		{7EC75F82-64B5-45F4-AE8D-0B2D25858CAC}.Debug|x86.Build.0 = Debug|Win32
		{7EC75F82-64B5-45F4-AE8D-0B2D25858CAC}.Release|x64.ActiveCfg = Release|Win32
		{7EC75F82-64B5-45F4-AE8D-0B2D25858CAC}.Release|x86.ActiveCfg = Release|Win32
		{7EC75F82-64B5-45F4-AE8D-0B2D25858CAC}.Release|x86.Build.0 = Release|Win32
		{7EC75F82-64B5-45F4-AE8D-0B2D25858CAC}.Unicode Debug|x64.ActiveCfg = Debug|Win32
		{7EC75F82-64B5-45F4-AE8D-0B2D25858CAC}.Unicode Debug|x64.Build.0 = Debug|Win32
		{7EC75F82-64B5-45F4-AE8D-0B2D25858CAC}.Unicode Debug|x86.ActiveCfg = Debug|Win32
		{7EC75F82-64B5-45F4-AE8D-0B2D25858CAC}.Unicode Debug|x86.Build.0 = Debug|Win32
		{7EC75F82-64B5-45F4-AE8D-0B2D25858CAC}.Unicode Release|x64.ActiveCfg = Debug|Win32
		{7EC75F82-64B5-45F4-AE8D-0B2D25858CAC}.Unicode Release|x64.Build.0 = Debug|Win32
		{7EC75F82-64B5-45F4-AE8D-0B2D25858CAC}.Unicode Release|x86.ActiveCfg = Release|Win32
		{7EC75F82-64B5-45F4-AE8D-0B2D25858CAC}.Unicode Release|x86.Build.0 = Release|Win32
		{3B0DE1C4-DE21-8FE3-F575-ABADBB0CB615}.Debug|x64.ActiveCfg = Debug|Win32
		{3B0DE1C4-DE21-8FE3-F575-ABADBB0CB615}.Debug|x86.ActiveCfg = Debug|Win32
		{3B0DE1C4-DE21-8FE3-F575-ABADBB0CB615}.Debug|x86.Build.0 = Debug|Win32
		{3B0DE1C4-DE21-8FE3-F575-ABADBB0CB615}.Release|x64.ActiveCfg = Release|Win32
		{3B0DE1C4-DE21-8FE3-F575-ABADBB0CB615}.Release|x86.ActiveCfg = Release|Win32
		{3B0DE1C4-DE21-8FE3-F575-ABADBB0CB615}.Release|x86.Build.0 = Release|Win32
		{3B0DE1C4-DE21-8FE3-F575-ABADBB0CB615}.Unicode Debug|x64.ActiveCfg = Debug|Win32
		{3B0DE1C4-DE21-8FE3-F575-ABADBB0CB615}.Unicode Debug|x64.Build.0 = Debug|Win32
		{3B0DE1C4-DE21-8FE3-F575-ABADBB0CB615}.Unicode Debug|x86.ActiveCfg = Debug|Win32
		{3B0DE1C4-DE21-8FE3-F575-ABADBB0CB615}.Unicode Debug|x86.Build.0 = Debug|Win32
		{3B0DE1C4-DE21-8FE3-F575-ABADBB0CB615}.Unicode Release|x64.ActiveCfg = Debug|Win32
		{3B0DE1C4-DE21-8FE3-F575-ABADBB0CB615}.Unicode Release|x64.Build.0 = Debug|Win32
		{3B0DE1C4-DE21-8FE3-F575-ABADBB0CB615}.Unicode Release|x86.ActiveCfg = Release|Win32
		{3B0DE1C4-DE21-8FE3-F575-ABADBB0CB615}.Unicode Release|x86.Build.0 = Release|Win32
	EndGlobalSection
	GlobalSection(SolutionProperties) = preSolution
		HideSolutionNode = FALSE
	EndGlobalSection
	GlobalSection(ExtensibilityGlobals) = postSolution
		SolutionGuid = {3743E530-0655-4BED-8C17-BB1820BFDEA2}
	EndGlobalSection
EndGlobal
