<?xml version="1.0" encoding="utf-8"?>
<Project ToolsVersion="4.0" xmlns="http://schemas.microsoft.com/developer/msbuild/2003">
  <ItemGroup>
    <Filter Include="Source Files">
      <UniqueIdentifier>{4FC737F1-C7A5-4376-A066-2A32D752A2FF}</UniqueIdentifier>
      <Extensions>cpp;c;cc;cxx;def;odl;idl;hpj;bat;asm;asmx</Extensions>
    </Filter>
    <Filter Include="Header Files">
      <UniqueIdentifier>{93995380-89BD-4b04-88EB-625FBE52EBFB}</UniqueIdentifier>
      <Extensions>h;hh;hpp;hxx;hm;inl;inc;ipp;xsd</Extensions>
    </Filter>
    <Filter Include="Resource Files">
      <UniqueIdentifier>{67DA6AB6-F800-4c08-8B7A-83BB121AAD01}</UniqueIdentifier>
      <Extensions>rc;ico;cur;bmp;dlg;rc2;rct;bin;rgs;gif;jpg;jpeg;jpe;resx;tiff;tif;png;wav;mfcribbon-ms</Extensions>
    </Filter>
  </ItemGroup>
  <ItemGroup>
    <ClInclude Include="LongGas.h">
      <Filter>Header Files</Filter>
    </ClInclude>
    <ClInclude Include="framework.h">
      <Filter>Header Files</Filter>
    </ClInclude>
    <ClInclude Include="targetver.h">
      <Filter>Header Files</Filter>
    </ClInclude>
    <ClInclude Include="Resource.h">
      <Filter>Header Files</Filter>
    </ClInclude>
    <ClInclude Include="pch.h">
      <Filter>Header Files</Filter>
    </ClInclude>
    <ClInclude Include="GridCtrl.h">
      <Filter>Header Files</Filter>
    </ClInclude>
    <ClInclude Include="CLongGasMainDlg.h">
      <Filter>Header Files</Filter>
    </ClInclude>
    <ClInclude Include="HidApi.h">
      <Filter>Header Files</Filter>
    </ClInclude>
    <ClInclude Include="NFC_Device.h">
      <Filter>Header Files</Filter>
    </ClInclude>
    <ClInclude Include="LGMainDlg.h">
      <Filter>Header Files</Filter>
    </ClInclude>
    <ClInclude Include="Definitions.h">
      <Filter>Header Files</Filter>
    </ClInclude>
    <ClInclude Include="LGSensorsDlg.h">
      <Filter>Header Files</Filter>
    </ClInclude>
    <ClInclude Include="LGAlarmsDlg.h">
      <Filter>Header Files</Filter>
    </ClInclude>
    <ClInclude Include="LGSettingsDlg.h">
      <Filter>Header Files</Filter>
    </ClInclude>
    <ClInclude Include="LGRadioDlg.h">
      <Filter>Header Files</Filter>
    </ClInclude>
    <ClInclude Include="LGWorkStatDlg.h">
      <Filter>Header Files</Filter>
    </ClInclude>
    <ClInclude Include="LGMipexDlg.h">
      <Filter>Header Files</Filter>
    </ClInclude>
    <ClInclude Include="LGGraphDlg.h">
      <Filter>Header Files</Filter>
    </ClInclude>
    <ClInclude Include="LGLogDlg.h">
      <Filter>Header Files</Filter>
    </ClInclude>
    <ClInclude Include="LGFirmwareDlg.h">
      <Filter>Header Files</Filter>
    </ClInclude>
    <ClInclude Include="GroupInfoDlg.h">
      <Filter>Header Files</Filter>
    </ClInclude>
    <ClInclude Include="RCTranslateDlg.h">
      <Filter>Header Files</Filter>
    </ClInclude>
    <ClInclude Include="CRichEditChildDlg.h">
      <Filter>Header Files</Filter>
    </ClInclude>
    <ClInclude Include="CLGMultipleDlg.h">
      <Filter>Header Files</Filter>
    </ClInclude>
    <ClInclude Include="CLGSaveDlg.h">
      <Filter>Header Files</Filter>
    </ClInclude>
    <ClInclude Include="SetHotkeyDlg.h">
      <Filter>Header Files</Filter>
    </ClInclude>
    <ClInclude Include="CLGWifiDlg.h">
      <Filter>Header Files</Filter>
    </ClInclude>
    <ClInclude Include="CGridInfoDlg.h">
      <Filter>Header Files</Filter>
    </ClInclude>
    <ClInclude Include="CLGDelayedCommandDlg.h">
      <Filter>Header Files</Filter>
    </ClInclude>
    <ClInclude Include="CGraphDlg.h">
      <Filter>Header Files</Filter>
    </ClInclude>
    <ClInclude Include="CCameraSettingsDlg.h">
      <Filter>Header Files</Filter>
    </ClInclude>
  </ItemGroup>
  <ItemGroup>
    <ClCompile Include="LongGas.cpp">
      <Filter>Source Files</Filter>
    </ClCompile>
    <ClCompile Include="pch.cpp">
      <Filter>Source Files</Filter>
    </ClCompile>
    <ClCompile Include="GridCtrl.cpp">
      <Filter>Source Files</Filter>
    </ClCompile>
    <ClCompile Include="CLongGasMainDlg.cpp">
      <Filter>Source Files</Filter>
    </ClCompile>
    <ClCompile Include="HidApi.cpp">
      <Filter>Source Files</Filter>
    </ClCompile>
    <ClCompile Include="NFC_Device.cpp">
      <Filter>Source Files</Filter>
    </ClCompile>
    <ClCompile Include="LGMainDlg.cpp">
      <Filter>Source Files</Filter>
    </ClCompile>
    <ClCompile Include="LGSensorsDlg.cpp">
      <Filter>Source Files</Filter>
    </ClCompile>
    <ClCompile Include="LGAlarmsDlg.cpp">
      <Filter>Source Files</Filter>
    </ClCompile>
    <ClCompile Include="LGSettingsDlg.cpp">
      <Filter>Source Files</Filter>
    </ClCompile>
    <ClCompile Include="LGRadioDlg.cpp">
      <Filter>Source Files</Filter>
    </ClCompile>
    <ClCompile Include="LGWorkStatDlg.cpp">
      <Filter>Source Files</Filter>
    </ClCompile>
    <ClCompile Include="LGMipexDlg.cpp">
      <Filter>Source Files</Filter>
    </ClCompile>
    <ClCompile Include="LGGraphDlg.cpp">
      <Filter>Source Files</Filter>
    </ClCompile>
    <ClCompile Include="LGLogDlg.cpp">
      <Filter>Source Files</Filter>
    </ClCompile>
    <ClCompile Include="LGFirmwareDlg.cpp">
      <Filter>Source Files</Filter>
    </ClCompile>
    <ClCompile Include="GroupInfoDlg.cpp">
      <Filter>Source Files</Filter>
    </ClCompile>
    <ClCompile Include="RCTranslateDlg.cpp">
      <Filter>Source Files</Filter>
    </ClCompile>
    <ClCompile Include="CRichEditChildDlg.cpp">
      <Filter>Source Files</Filter>
    </ClCompile>
    <ClCompile Include="CLGMultipleDlg.cpp">
      <Filter>Source Files</Filter>
    </ClCompile>
    <ClCompile Include="CLGSaveDlg.cpp">
      <Filter>Source Files</Filter>
    </ClCompile>
    <ClCompile Include="SetHotkeyDlg.cpp">
      <Filter>Source Files</Filter>
    </ClCompile>
    <ClCompile Include="CLGWifiDlg.cpp">
      <Filter>Source Files</Filter>
    </ClCompile>
    <ClCompile Include="CGridInfoDlg.cpp">
      <Filter>Source Files</Filter>
    </ClCompile>
    <ClCompile Include="CLGDelayedCommandDlg.cpp">
      <Filter>Source Files</Filter>
    </ClCompile>
    <ClCompile Include="CGraphDlg.cpp">
      <Filter>Source Files</Filter>
    </ClCompile>
    <ClCompile Include="CCameraSettingsDlg.cpp">
      <Filter>Source Files</Filter>
    </ClCompile>
  </ItemGroup>
  <ItemGroup>
    <ResourceCompile Include="VegaConnect.rc">
      <Filter>Resource Files</Filter>
    </ResourceCompile>
  </ItemGroup>
  <ItemGroup>
    <None Include="res\VegaConnect.rc2">
      <Filter>Resource Files</Filter>
    </None>
    <None Include="default1.bin">
      <Filter>Resource Files</Filter>
    </None>
    <None Include="..\igmdb\res\rt_manif.bin">
      <Filter>Resource Files</Filter>
    </None>
  </ItemGroup>
  <ItemGroup>
    <Image Include="res\VegaConnect.ico">
      <Filter>Resource Files</Filter>
    </Image>
    <Image Include="res\close-button.bmp">
      <Filter>Resource Files</Filter>
    </Image>
    <Image Include="..\IGMDB\res\ark2.ico">
      <Filter>Resource Files</Filter>
    </Image>
    <Image Include="res\icon1.ico">
      <Filter>Resource Files</Filter>
    </Image>
    <Image Include="res\ico00001.ico">
      <Filter>Resource Files</Filter>
    </Image>
    <Image Include="res\МУЛЬТИГАЗСЕНС-М2_(оранж).ico">
      <Filter>Resource Files</Filter>
    </Image>
  </ItemGroup>
</Project>